
Microsoft Visual Studio Solution File, Format Version 12.00
# Visual Studio Version 16
VisualStudioVersion = 16.0.30002.166
MinimumVisualStudioVersion = 10.0.40219.1
Project("{FAE04EC0-301F-11D3-BF4B-00C04F79EFBC}") = "FileStreamFile", "FileStreamFile\FileStreamFile.csproj", "{3894BE58-253B-40B7-9601-46F03BE90792}"
EndProject
Global
	GlobalSection(SolutionConfigurationPlatforms) = preSolution
		Debug|Any CPU = Debug|Any CPU
		Release|Any CPU = Release|Any CPU
	EndGlobalSection
	GlobalSection(ProjectConfigurationPlatforms) = postSolution
		{3894BE58-253B-40B7-9601-46F03BE90792}.Debug|Any CPU.ActiveCfg = Debug|Any CPU
		{3894BE58-253B-40B7-9601-46F03BE90792}.Debug|Any CPU.Build.0 = Debug|Any CPU
		{3894BE58-253B-40B7-9601-46F03BE90792}.Release|Any CPU.ActiveCfg = Release|Any CPU
		{3894BE58-253B-40B7-9601-46F03BE90792}.Release|Any CPU.Build.0 = Release|Any CPU
	EndGlobalSection
	GlobalSection(SolutionProperties) = preSolution
		HideSolutionNode = FALSE
	EndGlobalSection
	GlobalSection(ExtensibilityGlobals) = postSolution
		SolutionGuid = {721177AA-4DC1-4292-BBDD-266ACBA0D54C}
	EndGlobalSection
EndGlobal
