
Microsoft Visual Studio Solution File, Format Version 12.00
# Visual Studio Version 16
VisualStudioVersion = 16.0.30002.166
MinimumVisualStudioVersion = 10.0.40219.1
Project("{FAE04EC0-301F-11D3-BF4B-00C04F79EFBC}") = "MulticasDelegateDemo", "MulticasDelegateDemo\MulticasDelegateDemo.csproj", "{AC46CEFC-0CCE-47FF-9164-44BF75EB547D}"
EndProject
Global
	GlobalSection(SolutionConfigurationPlatforms) = preSolution
		Debug|Any CPU = Debug|Any CPU
		Release|Any CPU = Release|Any CPU
	EndGlobalSection
	GlobalSection(ProjectConfigurationPlatforms) = postSolution
		{AC46CEFC-0CCE-47FF-9164-44BF75EB547D}.Debug|Any CPU.ActiveCfg = Debug|Any CPU
		{AC46CEFC-0CCE-47FF-9164-44BF75EB547D}.Debug|Any CPU.Build.0 = Debug|Any CPU
		{AC46CEFC-0CCE-47FF-9164-44BF75EB547D}.Release|Any CPU.ActiveCfg = Release|Any CPU
		{AC46CEFC-0CCE-47FF-9164-44BF75EB547D}.Release|Any CPU.Build.0 = Release|Any CPU
	EndGlobalSection
	GlobalSection(SolutionProperties) = preSolution
		HideSolutionNode = FALSE
	EndGlobalSection
	GlobalSection(ExtensibilityGlobals) = postSolution
		SolutionGuid = {D3104531-6A53-4144-B604-810CAD858A74}
	EndGlobalSection
EndGlobal
