
Microsoft Visual Studio Solution File, Format Version 12.00
# Visual Studio Version 16
VisualStudioVersion = 16.0.30002.166
MinimumVisualStudioVersion = 10.0.40219.1
Project("{FAE04EC0-301F-11D3-BF4B-00C04F79EFBC}") = "Products", "Products\Products.csproj", "{3F736A5D-115A-4B7F-A163-C6336CF3C4EA}"
EndProject
Global
	GlobalSection(SolutionConfigurationPlatforms) = preSolution
		Debug|Any CPU = Debug|Any CPU
		Release|Any CPU = Release|Any CPU
	EndGlobalSection
	GlobalSection(ProjectConfigurationPlatforms) = postSolution
		{3F736A5D-115A-4B7F-A163-C6336CF3C4EA}.Debug|Any CPU.ActiveCfg = Debug|Any CPU
		{3F736A5D-115A-4B7F-A163-C6336CF3C4EA}.Debug|Any CPU.Build.0 = Debug|Any CPU
		{3F736A5D-115A-4B7F-A163-C6336CF3C4EA}.Release|Any CPU.ActiveCfg = Release|Any CPU
		{3F736A5D-115A-4B7F-A163-C6336CF3C4EA}.Release|Any CPU.Build.0 = Release|Any CPU
	EndGlobalSection
	GlobalSection(SolutionProperties) = preSolution
		HideSolutionNode = FALSE
	EndGlobalSection
	GlobalSection(ExtensibilityGlobals) = postSolution
		SolutionGuid = {957A8537-FB5A-4C40-83FC-9853809BCCBE}
	EndGlobalSection
EndGlobal
