
Microsoft Visual Studio Solution File, Format Version 12.00
# Visual Studio Version 16
VisualStudioVersion = 16.0.30002.166
MinimumVisualStudioVersion = 10.0.40219.1
Project("{FAE04EC0-301F-11D3-BF4B-00C04F79EFBC}") = "UsingBlockSintax", "UsingBlockSintax\UsingBlockSintax.csproj", "{E79300CF-E28E-49A5-B799-15F5EB25A2D9}"
EndProject
Global
	GlobalSection(SolutionConfigurationPlatforms) = preSolution
		Debug|Any CPU = Debug|Any CPU
		Release|Any CPU = Release|Any CPU
	EndGlobalSection
	GlobalSection(ProjectConfigurationPlatforms) = postSolution
		{E79300CF-E28E-49A5-B799-15F5EB25A2D9}.Debug|Any CPU.ActiveCfg = Debug|Any CPU
		{E79300CF-E28E-49A5-B799-15F5EB25A2D9}.Debug|Any CPU.Build.0 = Debug|Any CPU
		{E79300CF-E28E-49A5-B799-15F5EB25A2D9}.Release|Any CPU.ActiveCfg = Release|Any CPU
		{E79300CF-E28E-49A5-B799-15F5EB25A2D9}.Release|Any CPU.Build.0 = Release|Any CPU
	EndGlobalSection
	GlobalSection(SolutionProperties) = preSolution
		HideSolutionNode = FALSE
	EndGlobalSection
	GlobalSection(ExtensibilityGlobals) = postSolution
		SolutionGuid = {F2D9ECB3-D47C-4639-9934-D7F6CBA936D6}
	EndGlobalSection
EndGlobal
